{
  "name": "whatsapp-bot",
  "version": "1.0.0",
  "lockfileVersion": 3,
  "requires": true,
  "packages": {
    "": {
      "name": "whatsapp-bot",
      "version": "1.0.0",
      "dependencies": {
        "dotenv": "^16.4.7",
        "express": "^4.21.2",
        "ejs": "^3.1.10",
        "qrcode": "^1.5.4",
        "whatsapp-web.js": "^1.26.0",
        "puppeteer": "^22.0.0"
      }
    }
  },
  "dependencies": {
    "dotenv": {
      "version": "16.4.7",
      "resolved": "https://registry.npmjs.org/dotenv/-/dotenv-16.4.7.tgz",
      "integrity": "sha512-CtZGmQzy0fjGqT0hOzVx8ZPrXr0oyB/VrN9TV1+6sVrWe7p8f4w3pCR9vKQqv/r3k99B6N9X3+rxlI3g/jw4ig==",
      "dev": false
    },
    "express": {
      "version": "4.21.2",
      "resolved": "https://registry.npmjs.org/express/-/express-4.21.2.tgz",
      "integrity": "sha512-IQ0g4G/bP3y2B0U+IdV5dCSn1/QtImo84D0Kz1bC0g2X6Qx+ab2WZVx3f+X9Yk0p/FXx1zJtrmIQ6WZxy0FvKw==",
      "dev": false
    },
    "ejs": {
      "version": "3.1.10",
      "resolved": "https://registry.npmjs.org/ejs/-/ejs-3.1.10.tgz",
      "integrity": "sha512-6K1L9fRrM1p3iZKcUg90oQKsqkI/6pTFu5t+T0AwrHzfT90gj6t1Wbl6Ykzq8s9x7h1U3V+Dz/rQ8ThnL7mJZQ==",
      "dev": false
    },
    "qrcode": {
      "version": "1.5.4",
      "resolved": "https://registry.npmjs.org/qrcode/-/qrcode-1.5.4.tgz",
      "integrity": "sha512-lLv9qZ5v4X9V1p0YhKJxVXr8x4k5U0xIb4WqKh/mD9Zbd7ZcRz3mPSdR7SkkNfX0rXw/Y9lQZgW2SxUoQv+N9g==",
      "dev": false
    },
    "whatsapp-web.js": {
      "version": "1.26.0",
      "resolved": "https://registry.npmjs.org/whatsapp-web.js/-/whatsapp-web.js-1.26.0.tgz",
      "integrity": "sha512-3OTkJ+zZ+z+0fj7F5L6lFGc6B5qgVmM8h1cQYzFUZkzv/3FSEx4QQTJX+Y7R5FqV8l7Xl8nWZbLxV0KOKRdxw==",
      "dev": false
    },
    "puppeteer": {
      "version": "22.0.0",
      "resolved": "https://registry.npmjs.org/puppeteer/-/puppeteer-22.0.0.tgz",
      "integrity": "sha512-B7LxG6fsjkSL9GdN6u70czzpMjYkPlCQJqg9XlJkQYnBZr7+x1L6fO3qzfn6Z9N/h+Lw0E+f3XnvXzZp5gT9Wg==",
      "dev": false
    }
  }
}
